
Microsoft Visual Studio Solution File, Format Version 12.00
# Visual Studio 2015
Project("{FAE04EC0-301F-11D3-BF4B-00C04F79EFBC}") = "EVIJV22.Plugins", "EVIJV22.Plugins.csproj", "{2F8F038C-1A53-1AC8-0396-DC33E3366347}"
EndProject
Project("{FAE04EC0-301F-11D3-BF4B-00C04F79EFBC}") = "EVIJV22", "EVIJV22.csproj", "{43686B4F-A695-1890-8C81-C1DB625D4E6F}"
EndProject
Project("{FAE04EC0-301F-11D3-BF4B-00C04F79EFBC}") = "EVIJV22.Editor", "EVIJV22.Editor.csproj", "{D31C51BE-07F8-D044-56F3-0AC655785021}"
EndProject
Global
	GlobalSection(SolutionConfigurationPlatforms) = preSolution
		Debug|Any CPU = Debug|Any CPU
		Release|Any CPU = Release|Any CPU
	EndGlobalSection
	GlobalSection(ProjectConfigurationPlatforms) = postSolution
		{2F8F038C-1A53-1AC8-0396-DC33E3366347}.Debug|Any CPU.ActiveCfg = Debug|Any CPU
		{2F8F038C-1A53-1AC8-0396-DC33E3366347}.Debug|Any CPU.Build.0 = Debug|Any CPU
		{2F8F038C-1A53-1AC8-0396-DC33E3366347}.Release|Any CPU.ActiveCfg = Release|Any CPU
		{2F8F038C-1A53-1AC8-0396-DC33E3366347}.Release|Any CPU.Build.0 = Release|Any CPU
		{43686B4F-A695-1890-8C81-C1DB625D4E6F}.Debug|Any CPU.ActiveCfg = Debug|Any CPU
		{43686B4F-A695-1890-8C81-C1DB625D4E6F}.Debug|Any CPU.Build.0 = Debug|Any CPU
		{43686B4F-A695-1890-8C81-C1DB625D4E6F}.Release|Any CPU.ActiveCfg = Release|Any CPU
		{43686B4F-A695-1890-8C81-C1DB625D4E6F}.Release|Any CPU.Build.0 = Release|Any CPU
		{D31C51BE-07F8-D044-56F3-0AC655785021}.Debug|Any CPU.ActiveCfg = Debug|Any CPU
		{D31C51BE-07F8-D044-56F3-0AC655785021}.Debug|Any CPU.Build.0 = Debug|Any CPU
		{D31C51BE-07F8-D044-56F3-0AC655785021}.Release|Any CPU.ActiveCfg = Release|Any CPU
		{D31C51BE-07F8-D044-56F3-0AC655785021}.Release|Any CPU.Build.0 = Release|Any CPU
	EndGlobalSection
	GlobalSection(SolutionProperties) = preSolution
		HideSolutionNode = FALSE
	EndGlobalSection
EndGlobal
